
Microsoft Visual Studio Solution File, Format Version 12.00
# Visual Studio Version 16
VisualStudioVersion = 16.0.31729.503
MinimumVisualStudioVersion = 10.0.40219.1
Project("{FAE04EC0-301F-11D3-BF4B-00C04F79EFBC}") = "Task 1.2.1", "Task 1.2.1.csproj", "{A9B41A45-1033-4F8A-829C-7F33C775BB2A}"
EndProject
Global
	GlobalSection(SolutionConfigurationPlatforms) = preSolution
		Debug|Any CPU = Debug|Any CPU
		Release|Any CPU = Release|Any CPU
	EndGlobalSection
	GlobalSection(ProjectConfigurationPlatforms) = postSolution
		{A9B41A45-1033-4F8A-829C-7F33C775BB2A}.Debug|Any CPU.ActiveCfg = Debug|Any CPU
		{A9B41A45-1033-4F8A-829C-7F33C775BB2A}.Debug|Any CPU.Build.0 = Debug|Any CPU
		{A9B41A45-1033-4F8A-829C-7F33C775BB2A}.Release|Any CPU.ActiveCfg = Release|Any CPU
		{A9B41A45-1033-4F8A-829C-7F33C775BB2A}.Release|Any CPU.Build.0 = Release|Any CPU
	EndGlobalSection
	GlobalSection(SolutionProperties) = preSolution
		HideSolutionNode = FALSE
	EndGlobalSection
	GlobalSection(ExtensibilityGlobals) = postSolution
		SolutionGuid = {54BC507F-27FB-4D58-9F01-5798CD9F2F74}
	EndGlobalSection
EndGlobal
