
Microsoft Visual Studio Solution File, Format Version 12.00
# Visual Studio Version 16
VisualStudioVersion = 16.0.31729.503
MinimumVisualStudioVersion = 10.0.40219.1
Project("{FAE04EC0-301F-11D3-BF4B-00C04F79EFBC}") = "Task 1.1.10", "Task 1.1.10.csproj", "{2E3341E0-AF88-4518-9AD8-00BCDB9594E3}"
EndProject
Global
	GlobalSection(SolutionConfigurationPlatforms) = preSolution
		Debug|Any CPU = Debug|Any CPU
		Release|Any CPU = Release|Any CPU
	EndGlobalSection
	GlobalSection(ProjectConfigurationPlatforms) = postSolution
		{2E3341E0-AF88-4518-9AD8-00BCDB9594E3}.Debug|Any CPU.ActiveCfg = Debug|Any CPU
		{2E3341E0-AF88-4518-9AD8-00BCDB9594E3}.Debug|Any CPU.Build.0 = Debug|Any CPU
		{2E3341E0-AF88-4518-9AD8-00BCDB9594E3}.Release|Any CPU.ActiveCfg = Release|Any CPU
		{2E3341E0-AF88-4518-9AD8-00BCDB9594E3}.Release|Any CPU.Build.0 = Release|Any CPU
	EndGlobalSection
	GlobalSection(SolutionProperties) = preSolution
		HideSolutionNode = FALSE
	EndGlobalSection
	GlobalSection(ExtensibilityGlobals) = postSolution
		SolutionGuid = {E4412B9D-5BB3-4245-ACD2-15EA2E453196}
	EndGlobalSection
EndGlobal
