
Microsoft Visual Studio Solution File, Format Version 12.00
# Visual Studio Version 16
VisualStudioVersion = 16.0.31729.503
MinimumVisualStudioVersion = 10.0.40219.1
Project("{FAE04EC0-301F-11D3-BF4B-00C04F79EFBC}") = "Task 1.1.8", "Task 1.1.8.csproj", "{FA653E01-CCE0-4A31-9B11-CE8A0476C2A4}"
EndProject
Global
	GlobalSection(SolutionConfigurationPlatforms) = preSolution
		Debug|Any CPU = Debug|Any CPU
		Release|Any CPU = Release|Any CPU
	EndGlobalSection
	GlobalSection(ProjectConfigurationPlatforms) = postSolution
		{FA653E01-CCE0-4A31-9B11-CE8A0476C2A4}.Debug|Any CPU.ActiveCfg = Debug|Any CPU
		{FA653E01-CCE0-4A31-9B11-CE8A0476C2A4}.Debug|Any CPU.Build.0 = Debug|Any CPU
		{FA653E01-CCE0-4A31-9B11-CE8A0476C2A4}.Release|Any CPU.ActiveCfg = Release|Any CPU
		{FA653E01-CCE0-4A31-9B11-CE8A0476C2A4}.Release|Any CPU.Build.0 = Release|Any CPU
	EndGlobalSection
	GlobalSection(SolutionProperties) = preSolution
		HideSolutionNode = FALSE
	EndGlobalSection
	GlobalSection(ExtensibilityGlobals) = postSolution
		SolutionGuid = {0030C473-9D67-4465-884B-214E619EE583}
	EndGlobalSection
EndGlobal
