
Microsoft Visual Studio Solution File, Format Version 12.00
# Visual Studio Version 16
VisualStudioVersion = 16.0.31729.503
MinimumVisualStudioVersion = 10.0.40219.1
Project("{FAE04EC0-301F-11D3-BF4B-00C04F79EFBC}") = "Task 1.1.3", "Task 1.1.3.csproj", "{C62B797F-D8AE-4524-824B-04EAC7DA1B44}"
EndProject
Global
	GlobalSection(SolutionConfigurationPlatforms) = preSolution
		Debug|Any CPU = Debug|Any CPU
		Release|Any CPU = Release|Any CPU
	EndGlobalSection
	GlobalSection(ProjectConfigurationPlatforms) = postSolution
		{C62B797F-D8AE-4524-824B-04EAC7DA1B44}.Debug|Any CPU.ActiveCfg = Debug|Any CPU
		{C62B797F-D8AE-4524-824B-04EAC7DA1B44}.Debug|Any CPU.Build.0 = Debug|Any CPU
		{C62B797F-D8AE-4524-824B-04EAC7DA1B44}.Release|Any CPU.ActiveCfg = Release|Any CPU
		{C62B797F-D8AE-4524-824B-04EAC7DA1B44}.Release|Any CPU.Build.0 = Release|Any CPU
	EndGlobalSection
	GlobalSection(SolutionProperties) = preSolution
		HideSolutionNode = FALSE
	EndGlobalSection
	GlobalSection(ExtensibilityGlobals) = postSolution
		SolutionGuid = {3431F078-8981-4BF7-ACCC-09A336442202}
	EndGlobalSection
EndGlobal
